// !$*UTF8*$!
{
	archiveVersion = 1;
	classes = {
	};
	objectVersion = 50;
	objects = {

/* Begin PBXBuildFile section */
		49A23BAC2233F07900D61AC3 /* AppDelegate.swift in Sources */ = {isa = PBXBuildFile; fileRef = 49A23BAB2233F07900D61AC3 /* AppDelegate.swift */; };
		49A23BAE2233F07900D61AC3 /* art.scnassets in Resources */ = {isa = PBXBuildFile; fileRef = 49A23BAD2233F07900D61AC3 /* art.scnassets */; };
		49A23BB52233F07B00D61AC3 /* Assets.xcassets in Resources */ = {isa = PBXBuildFile; fileRef = 49A23BB42233F07B00D61AC3 /* Assets.xcassets */; };
		49A23BB82233F07B00D61AC3 /* LaunchScreen.storyboard in Resources */ = {isa = PBXBuildFile; fileRef = 49A23BB62233F07B00D61AC3 /* LaunchScreen.storyboard */; };
		49A23BC32233F07C00D61AC3 /* AR_TESTERTests.swift in Sources */ = {isa = PBXBuildFile; fileRef = 49A23BC22233F07C00D61AC3 /* AR_TESTERTests.swift */; };
		49A23BCE2233F07C00D61AC3 /* AR_TESTERUITests.swift in Sources */ = {isa = PBXBuildFile; fileRef = 49A23BCD2233F07C00D61AC3 /* AR_TESTERUITests.swift */; };
		49A23BDE2233F70600D61AC3 /* GameViewController.swift in Sources */ = {isa = PBXBuildFile; fileRef = 49A23BDD2233F70600D61AC3 /* GameViewController.swift */; };
		49A23BE02235099D00D61AC3 /* Extension.swift in Sources */ = {isa = PBXBuildFile; fileRef = 49A23BDF2235099D00D61AC3 /* Extension.swift */; };
/* End PBXBuildFile section */

/* Begin PBXContainerItemProxy section */
		49A23BBF2233F07C00D61AC3 /* PBXContainerItemProxy */ = {
			isa = PBXContainerItemProxy;
			containerPortal = 49A23BA02233F07900D61AC3 /* Project object */;
			proxyType = 1;
			remoteGlobalIDString = 49A23BA72233F07900D61AC3;
			remoteInfo = "AR TESTER";
		};
		49A23BCA2233F07C00D61AC3 /* PBXContainerItemProxy */ = {
			isa = PBXContainerItemProxy;
			containerPortal = 49A23BA02233F07900D61AC3 /* Project object */;
			proxyType = 1;
			remoteGlobalIDString = 49A23BA72233F07900D61AC3;
			remoteInfo = "AR TESTER";
		};
/* End PBXContainerItemProxy section */

/* Begin PBXFileReference section */
		49A23BA82233F07900D61AC3 /* AR TESTER.app */ = {isa = PBXFileReference; explicitFileType = wrapper.application; includeInIndex = 0; path = "AR TESTER.app"; sourceTree = BUILT_PRODUCTS_DIR; };
		49A23BAB2233F07900D61AC3 /* AppDelegate.swift */ = {isa = PBXFileReference; lastKnownFileType = sourcecode.swift; path = AppDelegate.swift; sourceTree = "<group>"; };
		49A23BAD2233F07900D61AC3 /* art.scnassets */ = {isa = PBXFileReference; lastKnownFileType = wrapper.scnassets; path = art.scnassets; sourceTree = "<group>"; };
		49A23BB42233F07B00D61AC3 /* Assets.xcassets */ = {isa = PBXFileReference; lastKnownFileType = folder.assetcatalog; path = Assets.xcassets; sourceTree = "<group>"; };
		49A23BB72233F07B00D61AC3 /* Base */ = {isa = PBXFileReference; lastKnownFileType = file.storyboard; name = Base; path = Base.lproj/LaunchScreen.storyboard; sourceTree = "<group>"; };
		49A23BB92233F07C00D61AC3 /* Info.plist */ = {isa = PBXFileReference; lastKnownFileType = text.plist.xml; path = Info.plist; sourceTree = "<group>"; };
		49A23BBE2233F07C00D61AC3 /* AR TESTERTests.xctest */ = {isa = PBXFileReference; explicitFileType = wrapper.cfbundle; includeInIndex = 0; path = "AR TESTERTests.xctest"; sourceTree = BUILT_PRODUCTS_DIR; };
		49A23BC22233F07C00D61AC3 /* AR_TESTERTests.swift */ = {isa = PBXFileReference; lastKnownFileType = sourcecode.swift; path = AR_TESTERTests.swift; sourceTree = "<group>"; };
		49A23BC42233F07C00D61AC3 /* Info.plist */ = {isa = PBXFileReference; lastKnownFileType = text.plist.xml; path = Info.plist; sourceTree = "<group>"; };
		49A23BC92233F07C00D61AC3 /* AR TESTERUITests.xctest */ = {isa = PBXFileReference; explicitFileType = wrapper.cfbundle; includeInIndex = 0; path = "AR TESTERUITests.xctest"; sourceTree = BUILT_PRODUCTS_DIR; };
		49A23BCD2233F07C00D61AC3 /* AR_TESTERUITests.swift */ = {isa = PBXFileReference; lastKnownFileType = sourcecode.swift; path = AR_TESTERUITests.swift; sourceTree = "<group>"; };
		49A23BCF2233F07C00D61AC3 /* Info.plist */ = {isa = PBXFileReference; lastKnownFileType = text.plist.xml; path = Info.plist; sourceTree = "<group>"; };
		49A23BDD2233F70600D61AC3 /* GameViewController.swift */ = {isa = PBXFileReference; fileEncoding = 4; lastKnownFileType = sourcecode.swift; name = GameViewController.swift; path = "../../../../Desktop/TheFolder/OneDrive/Current Events/WWDC/AR Kit Tower Defense/AR Kit Tower Defense/GameViewController.swift"; sourceTree = "<group>"; };
		49A23BDF2235099D00D61AC3 /* Extension.swift */ = {isa = PBXFileReference; lastKnownFileType = sourcecode.swift; path = Extension.swift; sourceTree = "<group>"; };
/* End PBXFileReference section */

/* Begin PBXFrameworksBuildPhase section */
		49A23BA52233F07900D61AC3 /* Frameworks */ = {
			isa = PBXFrameworksBuildPhase;
			buildActionMask = 2147483647;
			files = (
			);
			runOnlyForDeploymentPostprocessing = 0;
		};
		49A23BBB2233F07C00D61AC3 /* Frameworks */ = {
			isa = PBXFrameworksBuildPhase;
			buildActionMask = 2147483647;
			files = (
			);
			runOnlyForDeploymentPostprocessing = 0;
		};
		49A23BC62233F07C00D61AC3 /* Frameworks */ = {
			isa = PBXFrameworksBuildPhase;
			buildActionMask = 2147483647;
			files = (
			);
			runOnlyForDeploymentPostprocessing = 0;
		};
/* End PBXFrameworksBuildPhase section */

/* Begin PBXGroup section */
		49A23B9F2233F07900D61AC3 = {
			isa = PBXGroup;
			children = (
				49A23BAA2233F07900D61AC3 /* AR TESTER */,
				49A23BC12233F07C00D61AC3 /* AR TESTERTests */,
				49A23BCC2233F07C00D61AC3 /* AR TESTERUITests */,
				49A23BA92233F07900D61AC3 /* Products */,
			);
			sourceTree = "<group>";
		};
		49A23BA92233F07900D61AC3 /* Products */ = {
			isa = PBXGroup;
			children = (
				49A23BA82233F07900D61AC3 /* AR TESTER.app */,
				49A23BBE2233F07C00D61AC3 /* AR TESTERTests.xctest */,
				49A23BC92233F07C00D61AC3 /* AR TESTERUITests.xctest */,
			);
			name = Products;
			sourceTree = "<group>";
		};
		49A23BAA2233F07900D61AC3 /* AR TESTER */ = {
			isa = PBXGroup;
			children = (
				49A23BAB2233F07900D61AC3 /* AppDelegate.swift */,
				49A23BDF2235099D00D61AC3 /* Extension.swift */,
				49A23BAD2233F07900D61AC3 /* art.scnassets */,
				49A23BB42233F07B00D61AC3 /* Assets.xcassets */,
				49A23BDD2233F70600D61AC3 /* GameViewController.swift */,
				49A23BB62233F07B00D61AC3 /* LaunchScreen.storyboard */,
				49A23BB92233F07C00D61AC3 /* Info.plist */,
			);
			path = "AR TESTER";
			sourceTree = "<group>";
		};
		49A23BC12233F07C00D61AC3 /* AR TESTERTests */ = {
			isa = PBXGroup;
			children = (
				49A23BC22233F07C00D61AC3 /* AR_TESTERTests.swift */,
				49A23BC42233F07C00D61AC3 /* Info.plist */,
			);
			path = "AR TESTERTests";
			sourceTree = "<group>";
		};
		49A23BCC2233F07C00D61AC3 /* AR TESTERUITests */ = {
			isa = PBXGroup;
			children = (
				49A23BCD2233F07C00D61AC3 /* AR_TESTERUITests.swift */,
				49A23BCF2233F07C00D61AC3 /* Info.plist */,
			);
			path = "AR TESTERUITests";
			sourceTree = "<group>";
		};
/* End PBXGroup section */

/* Begin PBXNativeTarget section */
		49A23BA72233F07900D61AC3 /* AR TESTER */ = {
			isa = PBXNativeTarget;
			buildConfigurationList = 49A23BD22233F07C00D61AC3 /* Build configuration list for PBXNativeTarget "AR TESTER" */;
			buildPhases = (
				49A23BA42233F07900D61AC3 /* Sources */,
				49A23BA52233F07900D61AC3 /* Frameworks */,
				49A23BA62233F07900D61AC3 /* Resources */,
			);
			buildRules = (
			);
			dependencies = (
			);
			name = "AR TESTER";
			productName = "AR TESTER";
			productReference = 49A23BA82233F07900D61AC3 /* AR TESTER.app */;
			productType = "com.apple.product-type.application";
		};
		49A23BBD2233F07C00D61AC3 /* AR TESTERTests */ = {
			isa = PBXNativeTarget;
			buildConfigurationList = 49A23BD52233F07C00D61AC3 /* Build configuration list for PBXNativeTarget "AR TESTERTests" */;
			buildPhases = (
				49A23BBA2233F07C00D61AC3 /* Sources */,
				49A23BBB2233F07C00D61AC3 /* Frameworks */,
				49A23BBC2233F07C00D61AC3 /* Resources */,
			);
			buildRules = (
			);
			dependencies = (
				49A23BC02233F07C00D61AC3 /* PBXTargetDependency */,
			);
			name = "AR TESTERTests";
			productName = "AR TESTERTests";
			productReference = 49A23BBE2233F07C00D61AC3 /* AR TESTERTests.xctest */;
			productType = "com.apple.product-type.bundle.unit-test";
		};
		49A23BC82233F07C00D61AC3 /* AR TESTERUITests */ = {
			isa = PBXNativeTarget;
			buildConfigurationList = 49A23BD82233F07C00D61AC3 /* Build configuration list for PBXNativeTarget "AR TESTERUITests" */;
			buildPhases = (
				49A23BC52233F07C00D61AC3 /* Sources */,
				49A23BC62233F07C00D61AC3 /* Frameworks */,
				49A23BC72233F07C00D61AC3 /* Resources */,
			);
			buildRules = (
			);
			dependencies = (
				49A23BCB2233F07C00D61AC3 /* PBXTargetDependency */,
			);
			name = "AR TESTERUITests";
			productName = "AR TESTERUITests";
			productReference = 49A23BC92233F07C00D61AC3 /* AR TESTERUITests.xctest */;
			productType = "com.apple.product-type.bundle.ui-testing";
		};
/* End PBXNativeTarget section */

/* Begin PBXProject section */
		49A23BA02233F07900D61AC3 /* Project object */ = {
			isa = PBXProject;
			attributes = {
				LastSwiftUpdateCheck = 1010;
				LastUpgradeCheck = 1010;
				ORGANIZATIONNAME = "Andrew Wang";
				TargetAttributes = {
					49A23BA72233F07900D61AC3 = {
						CreatedOnToolsVersion = 10.1;
					};
					49A23BBD2233F07C00D61AC3 = {
						CreatedOnToolsVersion = 10.1;
						TestTargetID = 49A23BA72233F07900D61AC3;
					};
					49A23BC82233F07C00D61AC3 = {
						CreatedOnToolsVersion = 10.1;
						TestTargetID = 49A23BA72233F07900D61AC3;
					};
				};
			};
			buildConfigurationList = 49A23BA32233F07900D61AC3 /* Build configuration list for PBXProject "AR TESTER" */;
			compatibilityVersion = "Xcode 9.3";
			developmentRegion = en;
			hasScannedForEncodings = 0;
			knownRegions = (
				en,
				Base,
			);
			mainGroup = 49A23B9F2233F07900D61AC3;
			productRefGroup = 49A23BA92233F07900D61AC3 /* Products */;
			projectDirPath = "";
			projectRoot = "";
			targets = (
				49A23BA72233F07900D61AC3 /* AR TESTER */,
				49A23BBD2233F07C00D61AC3 /* AR TESTERTests */,
				49A23BC82233F07C00D61AC3 /* AR TESTERUITests */,
			);
		};
/* End PBXProject section */

/* Begin PBXResourcesBuildPhase section */
		49A23BA62233F07900D61AC3 /* Resources */ = {
			isa = PBXResourcesBuildPhase;
			buildActionMask = 2147483647;
			files = (
				49A23BAE2233F07900D61AC3 /* art.scnassets in Resources */,
				49A23BB82233F07B00D61AC3 /* LaunchScreen.storyboard in Resources */,
				49A23BB52233F07B00D61AC3 /* Assets.xcassets in Resources */,
			);
			runOnlyForDeploymentPostprocessing = 0;
		};
		49A23BBC2233F07C00D61AC3 /* Resources */ = {
			isa = PBXResourcesBuildPhase;
			buildActionMask = 2147483647;
			files = (
			);
			runOnlyForDeploymentPostprocessing = 0;
		};
		49A23BC72233F07C00D61AC3 /* Resources */ = {
			isa = PBXResourcesBuildPhase;
			buildActionMask = 2147483647;
			files = (
			);
			runOnlyForDeploymentPostprocessing = 0;
		};
/* End PBXResourcesBuildPhase section */

/* Begin PBXSourcesBuildPhase section */
		49A23BA42233F07900D61AC3 /* Sources */ = {
			isa = PBXSourcesBuildPhase;
			buildActionMask = 2147483647;
			files = (
				49A23BDE2233F70600D61AC3 /* GameViewController.swift in Sources */,
				49A23BE02235099D00D61AC3 /* Extension.swift in Sources */,
				49A23BAC2233F07900D61AC3 /* AppDelegate.swift in Sources */,
			);
			runOnlyForDeploymentPostprocessing = 0;
		};
		49A23BBA2233F07C00D61AC3 /* Sources */ = {
			isa = PBXSourcesBuildPhase;
			buildActionMask = 2147483647;
			files = (
				49A23BC32233F07C00D61AC3 /* AR_TESTERTests.swift in Sources */,
			);
			runOnlyForDeploymentPostprocessing = 0;
		};
		49A23BC52233F07C00D61AC3 /* Sources */ = {
			isa = PBXSourcesBuildPhase;
			buildActionMask = 2147483647;
			files = (
				49A23BCE2233F07C00D61AC3 /* AR_TESTERUITests.swift in Sources */,
			);
			runOnlyForDeploymentPostprocessing = 0;
		};
/* End PBXSourcesBuildPhase section */

/* Begin PBXTargetDependency section */
		49A23BC02233F07C00D61AC3 /* PBXTargetDependency */ = {
			isa = PBXTargetDependency;
			target = 49A23BA72233F07900D61AC3 /* AR TESTER */;
			targetProxy = 49A23BBF2233F07C00D61AC3 /* PBXContainerItemProxy */;
		};
		49A23BCB2233F07C00D61AC3 /* PBXTargetDependency */ = {
			isa = PBXTargetDependency;
			target = 49A23BA72233F07900D61AC3 /* AR TESTER */;
			targetProxy = 49A23BCA2233F07C00D61AC3 /* PBXContainerItemProxy */;
		};
/* End PBXTargetDependency section */

/* Begin PBXVariantGroup section */
		49A23BB62233F07B00D61AC3 /* LaunchScreen.storyboard */ = {
			isa = PBXVariantGroup;
			children = (
				49A23BB72233F07B00D61AC3 /* Base */,
			);
			name = LaunchScreen.storyboard;
			sourceTree = "<group>";
		};
/* End PBXVariantGroup section */

/* Begin XCBuildConfiguration section */
		49A23BD02233F07C00D61AC3 /* Debug */ = {
			isa = XCBuildConfiguration;
			buildSettings = {
				ALWAYS_SEARCH_USER_PATHS = NO;
				CLANG_ANALYZER_NONNULL = YES;
				CLANG_ANALYZER_NUMBER_OBJECT_CONVERSION = YES_AGGRESSIVE;
				CLANG_CXX_LANGUAGE_STANDARD = "gnu++14";
				CLANG_CXX_LIBRARY = "libc++";
				CLANG_ENABLE_MODULES = YES;
				CLANG_ENABLE_OBJC_ARC = YES;
				CLANG_ENABLE_OBJC_WEAK = YES;
				CLANG_WARN_BLOCK_CAPTURE_AUTORELEASING = YES;
				CLANG_WARN_BOOL_CONVERSION = YES;
				CLANG_WARN_COMMA = YES;
				CLANG_WARN_CONSTANT_CONVERSION = YES;
				CLANG_WARN_DEPRECATED_OBJC_IMPLEMENTATIONS = YES;
				CLANG_WARN_DIRECT_OBJC_ISA_USAGE = YES_ERROR;
				CLANG_WARN_DOCUMENTATION_COMMENTS = YES;
				CLANG_WARN_EMPTY_BODY = YES;
				CLANG_WARN_ENUM_CONVERSION = YES;
				CLANG_WARN_INFINITE_RECURSION = YES;
				CLANG_WARN_INT_CONVERSION = YES;
				CLANG_WARN_NON_LITERAL_NULL_CONVERSION = YES;
				CLANG_WARN_OBJC_IMPLICIT_RETAIN_SELF = YES;
				CLANG_WARN_OBJC_LITERAL_CONVERSION = YES;
				CLANG_WARN_OBJC_ROOT_CLASS = YES_ERROR;
				CLANG_WARN_RANGE_LOOP_ANALYSIS = YES;
				CLANG_WARN_STRICT_PROTOTYPES = YES;
				CLANG_WARN_SUSPICIOUS_MOVE = YES;
				CLANG_WARN_UNGUARDED_AVAILABILITY = YES_AGGRESSIVE;
				CLANG_WARN_UNREACHABLE_CODE = YES;
				CLANG_WARN__DUPLICATE_METHOD_MATCH = YES;
				CODE_SIGN_IDENTITY = "iPhone Developer";
				COPY_PHASE_STRIP = NO;
				DEBUG_INFORMATION_FORMAT = dwarf;
				ENABLE_STRICT_OBJC_MSGSEND = YES;
				ENABLE_TESTABILITY = YES;
				GCC_C_LANGUAGE_STANDARD = gnu11;
				GCC_DYNAMIC_NO_PIC = NO;
				GCC_NO_COMMON_BLOCKS = YES;
				GCC_OPTIMIZATION_LEVEL = 0;
				GCC_PREPROCESSOR_DEFINITIONS = (
					"DEBUG=1",
					"$(inherited)",
				);
				GCC_WARN_64_TO_32_BIT_CONVERSION = YES;
				GCC_WARN_ABOUT_RETURN_TYPE = YES_ERROR;
				GCC_WARN_UNDECLARED_SELECTOR = YES;
				GCC_WARN_UNINITIALIZED_AUTOS = YES_AGGRESSIVE;
				GCC_WARN_UNUSED_FUNCTION = YES;
				GCC_WARN_UNUSED_VARIABLE = YES;
				IPHONEOS_DEPLOYMENT_TARGET = 12.1;
				MTL_ENABLE_DEBUG_INFO = INCLUDE_SOURCE;
				MTL_FAST_MATH = YES;
				ONLY_ACTIVE_ARCH = YES;
				SDKROOT = iphoneos;
				SWIFT_ACTIVE_COMPILATION_CONDITIONS = DEBUG;
				SWIFT_OPTIMIZATION_LEVEL = "-Onone";
			};
			name = Debug;
		};
		49A23BD12233F07C00D61AC3 /* Release */ = {
			isa = XCBuildConfiguration;
			buildSettings = {
				ALWAYS_SEARCH_USER_PATHS = NO;
				CLANG_ANALYZER_NONNULL = YES;
				CLANG_ANALYZER_NUMBER_OBJECT_CONVERSION = YES_AGGRESSIVE;
				CLANG_CXX_LANGUAGE_STANDARD = "gnu++14";
				CLANG_CXX_LIBRARY = "libc++";
				CLANG_ENABLE_MODULES = YES;
				CLANG_ENABLE_OBJC_ARC = YES;
				CLANG_ENABLE_OBJC_WEAK = YES;
				CLANG_WARN_BLOCK_CAPTURE_AUTORELEASING = YES;
				CLANG_WARN_BOOL_CONVERSION = YES;
				CLANG_WARN_COMMA = YES;
				CLANG_WARN_CONSTANT_CONVERSION = YES;
				CLANG_WARN_DEPRECATED_OBJC_IMPLEMENTATIONS = YES;
				CLANG_WARN_DIRECT_OBJC_ISA_USAGE = YES_ERROR;
				CLANG_WARN_DOCUMENTATION_COMMENTS = YES;
				CLANG_WARN_EMPTY_BODY = YES;
				CLANG_WARN_ENUM_CONVERSION = YES;
				CLANG_WARN_INFINITE_RECURSION = YES;
				CLANG_WARN_INT_CONVERSION = YES;
				CLANG_WARN_NON_LITERAL_NULL_CONVERSION = YES;
				CLANG_WARN_OBJC_IMPLICIT_RETAIN_SELF = YES;
				CLANG_WARN_OBJC_LITERAL_CONVERSION = YES;
				CLANG_WARN_OBJC_ROOT_CLASS = YES_ERROR;
				CLANG_WARN_RANGE_LOOP_ANALYSIS = YES;
				CLANG_WARN_STRICT_PROTOTYPES = YES;
				CLANG_WARN_SUSPICIOUS_MOVE = YES;
				CLANG_WARN_UNGUARDED_AVAILABILITY = YES_AGGRESSIVE;
				CLANG_WARN_UNREACHABLE_CODE = YES;
				CLANG_WARN__DUPLICATE_METHOD_MATCH = YES;
				CODE_SIGN_IDENTITY = "iPhone Developer";
				COPY_PHASE_STRIP = NO;
				DEBUG_INFORMATION_FORMAT = "dwarf-with-dsym";
				ENABLE_NS_ASSERTIONS = NO;
				ENABLE_STRICT_OBJC_MSGSEND = YES;
				GCC_C_LANGUAGE_STANDARD = gnu11;
				GCC_NO_COMMON_BLOCKS = YES;
				GCC_WARN_64_TO_32_BIT_CONVERSION = YES;
				GCC_WARN_ABOUT_RETURN_TYPE = YES_ERROR;
				GCC_WARN_UNDECLARED_SELECTOR = YES;
				GCC_WARN_UNINITIALIZED_AUTOS = YES_AGGRESSIVE;
				GCC_WARN_UNUSED_FUNCTION = YES;
				GCC_WARN_UNUSED_VARIABLE = YES;
				IPHONEOS_DEPLOYMENT_TARGET = 12.1;
				MTL_ENABLE_DEBUG_INFO = NO;
				MTL_FAST_MATH = YES;
				SDKROOT = iphoneos;
				SWIFT_COMPILATION_MODE = wholemodule;
				SWIFT_OPTIMIZATION_LEVEL = "-O";
				VALIDATE_PRODUCT = YES;
			};
			name = Release;
		};
		49A23BD32233F07C00D61AC3 /* Debug */ = {
			isa = XCBuildConfiguration;
			buildSettings = {
				ASSETCATALOG_COMPILER_APPICON_NAME = AppIcon;
				CODE_SIGN_STYLE = Automatic;
				DEVELOPMENT_TEAM = 5URX43MT5V;
				INFOPLIST_FILE = "AR TESTER/Info.plist";
				LD_RUNPATH_SEARCH_PATHS = (
					"$(inherited)",
					"@executable_path/Frameworks",
				);
				PRODUCT_BUNDLE_IDENTIFIER = "WangWorks.AR-TESTER";
				PRODUCT_NAME = "$(TARGET_NAME)";
				SWIFT_VERSION = 4.2;
				TARGETED_DEVICE_FAMILY = "1,2";
			};
			name = Debug;
		};
		49A23BD42233F07C00D61AC3 /* Release */ = {
			isa = XCBuildConfiguration;
			buildSettings = {
				ASSETCATALOG_COMPILER_APPICON_NAME = AppIcon;
				CODE_SIGN_STYLE = Automatic;
				DEVELOPMENT_TEAM = 5URX43MT5V;
				INFOPLIST_FILE = "AR TESTER/Info.plist";
				LD_RUNPATH_SEARCH_PATHS = (
					"$(inherited)",
					"@executable_path/Frameworks",
				);
				PRODUCT_BUNDLE_IDENTIFIER = "WangWorks.AR-TESTER";
				PRODUCT_NAME = "$(TARGET_NAME)";
				SWIFT_VERSION = 4.2;
				TARGETED_DEVICE_FAMILY = "1,2";
			};
			name = Release;
		};
		49A23BD62233F07C00D61AC3 /* Debug */ = {
			isa = XCBuildConfiguration;
			buildSettings = {
				ALWAYS_EMBED_SWIFT_STANDARD_LIBRARIES = YES;
				BUNDLE_LOADER = "$(TEST_HOST)";
				CODE_SIGN_STYLE = Automatic;
				INFOPLIST_FILE = "AR TESTERTests/Info.plist";
				LD_RUNPATH_SEARCH_PATHS = (
					"$(inherited)",
					"@executable_path/Frameworks",
					"@loader_path/Frameworks",
				);
				PRODUCT_BUNDLE_IDENTIFIER = "WangWorks.AR-TESTERTests";
				PRODUCT_NAME = "$(TARGET_NAME)";
				SWIFT_VERSION = 4.2;
				TARGETED_DEVICE_FAMILY = "1,2";
				TEST_HOST = "$(BUILT_PRODUCTS_DIR)/AR TESTER.app/AR TESTER";
			};
			name = Debug;
		};
		49A23BD72233F07C00D61AC3 /* Release */ = {
			isa = XCBuildConfiguration;
			buildSettings = {
				ALWAYS_EMBED_SWIFT_STANDARD_LIBRARIES = YES;
				BUNDLE_LOADER = "$(TEST_HOST)";
				CODE_SIGN_STYLE = Automatic;
				INFOPLIST_FILE = "AR TESTERTests/Info.plist";
				LD_RUNPATH_SEARCH_PATHS = (
					"$(inherited)",
					"@executable_path/Frameworks",
					"@loader_path/Frameworks",
				);
				PRODUCT_BUNDLE_IDENTIFIER = "WangWorks.AR-TESTERTests";
				PRODUCT_NAME = "$(TARGET_NAME)";
				SWIFT_VERSION = 4.2;
				TARGETED_DEVICE_FAMILY = "1,2";
				TEST_HOST = "$(BUILT_PRODUCTS_DIR)/AR TESTER.app/AR TESTER";
			};
			name = Release;
		};
		49A23BD92233F07C00D61AC3 /* Debug */ = {
			isa = XCBuildConfiguration;
			buildSettings = {
				ALWAYS_EMBED_SWIFT_STANDARD_LIBRARIES = YES;
				CODE_SIGN_STYLE = Automatic;
				INFOPLIST_FILE = "AR TESTERUITests/Info.plist";
				LD_RUNPATH_SEARCH_PATHS = (
					"$(inherited)",
					"@executable_path/Frameworks",
					"@loader_path/Frameworks",
				);
				PRODUCT_BUNDLE_IDENTIFIER = "WangWorks.AR-TESTERUITests";
				PRODUCT_NAME = "$(TARGET_NAME)";
				SWIFT_VERSION = 4.2;
				TARGETED_DEVICE_FAMILY = "1,2";
				TEST_TARGET_NAME = "AR TESTER";
			};
			name = Debug;
		};
		49A23BDA2233F07C00D61AC3 /* Release */ = {
			isa = XCBuildConfiguration;
			buildSettings = {
				ALWAYS_EMBED_SWIFT_STANDARD_LIBRARIES = YES;
				CODE_SIGN_STYLE = Automatic;
				INFOPLIST_FILE = "AR TESTERUITests/Info.plist";
				LD_RUNPATH_SEARCH_PATHS = (
					"$(inherited)",
					"@executable_path/Frameworks",
					"@loader_path/Frameworks",
				);
				PRODUCT_BUNDLE_IDENTIFIER = "WangWorks.AR-TESTERUITests";
				PRODUCT_NAME = "$(TARGET_NAME)";
				SWIFT_VERSION = 4.2;
				TARGETED_DEVICE_FAMILY = "1,2";
				TEST_TARGET_NAME = "AR TESTER";
			};
			name = Release;
		};
/* End XCBuildConfiguration section */

/* Begin XCConfigurationList section */
		49A23BA32233F07900D61AC3 /* Build configuration list for PBXProject "AR TESTER" */ = {
			isa = XCConfigurationList;
			buildConfigurations = (
				49A23BD02233F07C00D61AC3 /* Debug */,
				49A23BD12233F07C00D61AC3 /* Release */,
			);
			defaultConfigurationIsVisible = 0;
			defaultConfigurationName = Release;
		};
		49A23BD22233F07C00D61AC3 /* Build configuration list for PBXNativeTarget "AR TESTER" */ = {
			isa = XCConfigurationList;
			buildConfigurations = (
				49A23BD32233F07C00D61AC3 /* Debug */,
				49A23BD42233F07C00D61AC3 /* Release */,
			);
			defaultConfigurationIsVisible = 0;
			defaultConfigurationName = Release;
		};
		49A23BD52233F07C00D61AC3 /* Build configuration list for PBXNativeTarget "AR TESTERTests" */ = {
			isa = XCConfigurationList;
			buildConfigurations = (
				49A23BD62233F07C00D61AC3 /* Debug */,
				49A23BD72233F07C00D61AC3 /* Release */,
			);
			defaultConfigurationIsVisible = 0;
			defaultConfigurationName = Release;
		};
		49A23BD82233F07C00D61AC3 /* Build configuration list for PBXNativeTarget "AR TESTERUITests" */ = {
			isa = XCConfigurationList;
			buildConfigurations = (
				49A23BD92233F07C00D61AC3 /* Debug */,
				49A23BDA2233F07C00D61AC3 /* Release */,
			);
			defaultConfigurationIsVisible = 0;
			defaultConfigurationName = Release;
		};
/* End XCConfigurationList section */
	};
	rootObject = 49A23BA02233F07900D61AC3 /* Project object */;
}
